
Microsoft Visual Studio Solution File, Format Version 12.00
# Visual Studio Version 17
VisualStudioVersion = 17.8.34322.80
MinimumVisualStudioVersion = 10.0.40219.1
Project("{9A19103F-16F7-4668-BE54-9A1E7A4F7556}") = "WonderMeeting", "WonderMeeting\WonderMeeting.csproj", "{BF821769-8185-4FD1-9A4E-0EB94B87683E}"
EndProject
Project("{9A19103F-16F7-4668-BE54-9A1E7A4F7556}") = "WonderMeeting.Desktop", "WonderMeeting.Desktop\WonderMeeting.Desktop.csproj", "{9C3094F2-50BE-4079-9A0A-F1EE0B5E7BFF}"
EndProject
Global
	GlobalSection(SolutionConfigurationPlatforms) = preSolution
		Debug|Any CPU = Debug|Any CPU
		Release|Any CPU = Release|Any CPU
	EndGlobalSection
	GlobalSection(ProjectConfigurationPlatforms) = postSolution
		{BF821769-8185-4FD1-9A4E-0EB94B87683E}.Debug|Any CPU.ActiveCfg = Debug|Any CPU
		{BF821769-8185-4FD1-9A4E-0EB94B87683E}.Debug|Any CPU.Build.0 = Debug|Any CPU
		{BF821769-8185-4FD1-9A4E-0EB94B87683E}.Release|Any CPU.ActiveCfg = Release|Any CPU
		{BF821769-8185-4FD1-9A4E-0EB94B87683E}.Release|Any CPU.Build.0 = Release|Any CPU
		{9C3094F2-50BE-4079-9A0A-F1EE0B5E7BFF}.Debug|Any CPU.ActiveCfg = Debug|Any CPU
		{9C3094F2-50BE-4079-9A0A-F1EE0B5E7BFF}.Debug|Any CPU.Build.0 = Debug|Any CPU
		{9C3094F2-50BE-4079-9A0A-F1EE0B5E7BFF}.Release|Any CPU.ActiveCfg = Release|Any CPU
		{9C3094F2-50BE-4079-9A0A-F1EE0B5E7BFF}.Release|Any CPU.Build.0 = Release|Any CPU
	EndGlobalSection
	GlobalSection(SolutionProperties) = preSolution
		HideSolutionNode = FALSE
	EndGlobalSection
	GlobalSection(ExtensibilityGlobals) = postSolution
		SolutionGuid = {BEE860A4-295B-482C-A63A-AFFB6AED1F8B}
	EndGlobalSection
EndGlobal
